// !$*UTF8*$!
{
	archiveVersion = 1;
	classes = {
	};
	objectVersion = 48;
	objects = {

/* Begin PBXBuildFile section */
		55CB92B3207F1BA400A33528 /* AppDelegate.swift in Sources */ = {isa = PBXBuildFile; fileRef = 55CB92B2207F1BA400A33528 /* AppDelegate.swift */; };
		55CB92B5207F1BA400A33528 /* ViewController.swift in Sources */ = {isa = PBXBuildFile; fileRef = 55CB92B4207F1BA400A33528 /* ViewController.swift */; };
		55CB92B8207F1BA400A33528 /* Main.storyboard in Resources */ = {isa = PBXBuildFile; fileRef = 55CB92B6207F1BA400A33528 /* Main.storyboard */; };
		55CB92BA207F1BA400A33528 /* Assets.xcassets in Resources */ = {isa = PBXBuildFile; fileRef = 55CB92B9207F1BA400A33528 /* Assets.xcassets */; };
		55CB92BD207F1BA400A33528 /* LaunchScreen.storyboard in Resources */ = {isa = PBXBuildFile; fileRef = 55CB92BB207F1BA400A33528 /* LaunchScreen.storyboard */; };
		55D04915207FD72C00583DAC /* Reachability.swift in Sources */ = {isa = PBXBuildFile; fileRef = 55D04914207FD72700583DAC /* Reachability.swift */; };
		55D04916207FD72C00583DAC /* RestFull_API.swift in Sources */ = {isa = PBXBuildFile; fileRef = 55D04913207FD72600583DAC /* RestFull_API.swift */; };
		55D04917207FD72C00583DAC /* URL_Session.swift in Sources */ = {isa = PBXBuildFile; fileRef = 55D04912207FD72600583DAC /* URL_Session.swift */; };
		55D04919207FD7A400583DAC /* IBDesign.swift in Sources */ = {isa = PBXBuildFile; fileRef = 55D04918207FD7A400583DAC /* IBDesign.swift */; };
		55D0491C207FD82E00583DAC /* CustomView.swift in Sources */ = {isa = PBXBuildFile; fileRef = 55D0491A207FD82E00583DAC /* CustomView.swift */; };
		55D0491D207FD82E00583DAC /* AlertModel.swift in Sources */ = {isa = PBXBuildFile; fileRef = 55D0491B207FD82E00583DAC /* AlertModel.swift */; };
		55D0491F207FD87B00583DAC /* Extension.swift in Sources */ = {isa = PBXBuildFile; fileRef = 55D0491E207FD87B00583DAC /* Extension.swift */; };
		55D04922207FD8C300583DAC /* Constant.swift in Sources */ = {isa = PBXBuildFile; fileRef = 55D04921207FD8C300583DAC /* Constant.swift */; };
/* End PBXBuildFile section */

/* Begin PBXFileReference section */
		55CB92AF207F1BA400A33528 /* Video.app */ = {isa = PBXFileReference; explicitFileType = wrapper.application; includeInIndex = 0; path = Video.app; sourceTree = BUILT_PRODUCTS_DIR; };
		55CB92B2207F1BA400A33528 /* AppDelegate.swift */ = {isa = PBXFileReference; lastKnownFileType = sourcecode.swift; path = AppDelegate.swift; sourceTree = "<group>"; };
		55CB92B4207F1BA400A33528 /* ViewController.swift */ = {isa = PBXFileReference; lastKnownFileType = sourcecode.swift; path = ViewController.swift; sourceTree = "<group>"; };
		55CB92B7207F1BA400A33528 /* Base */ = {isa = PBXFileReference; lastKnownFileType = file.storyboard; name = Base; path = Base.lproj/Main.storyboard; sourceTree = "<group>"; };
		55CB92B9207F1BA400A33528 /* Assets.xcassets */ = {isa = PBXFileReference; lastKnownFileType = folder.assetcatalog; path = Assets.xcassets; sourceTree = "<group>"; };
		55CB92BC207F1BA400A33528 /* Base */ = {isa = PBXFileReference; lastKnownFileType = file.storyboard; name = Base; path = Base.lproj/LaunchScreen.storyboard; sourceTree = "<group>"; };
		55CB92BE207F1BA400A33528 /* Info.plist */ = {isa = PBXFileReference; lastKnownFileType = text.plist.xml; path = Info.plist; sourceTree = "<group>"; };
		55D04912207FD72600583DAC /* URL_Session.swift */ = {isa = PBXFileReference; lastKnownFileType = sourcecode.swift; path = URL_Session.swift; sourceTree = "<group>"; };
		55D04913207FD72600583DAC /* RestFull_API.swift */ = {isa = PBXFileReference; lastKnownFileType = sourcecode.swift; path = RestFull_API.swift; sourceTree = "<group>"; };
		55D04914207FD72700583DAC /* Reachability.swift */ = {isa = PBXFileReference; lastKnownFileType = sourcecode.swift; path = Reachability.swift; sourceTree = "<group>"; };
		55D04918207FD7A400583DAC /* IBDesign.swift */ = {isa = PBXFileReference; lastKnownFileType = sourcecode.swift; path = IBDesign.swift; sourceTree = "<group>"; };
		55D0491A207FD82E00583DAC /* CustomView.swift */ = {isa = PBXFileReference; lastKnownFileType = sourcecode.swift; path = CustomView.swift; sourceTree = "<group>"; };
		55D0491B207FD82E00583DAC /* AlertModel.swift */ = {isa = PBXFileReference; lastKnownFileType = sourcecode.swift; path = AlertModel.swift; sourceTree = "<group>"; };
		55D0491E207FD87B00583DAC /* Extension.swift */ = {isa = PBXFileReference; lastKnownFileType = sourcecode.swift; path = Extension.swift; sourceTree = "<group>"; };
		55D04921207FD8C300583DAC /* Constant.swift */ = {isa = PBXFileReference; lastKnownFileType = sourcecode.swift; path = Constant.swift; sourceTree = "<group>"; };
/* End PBXFileReference section */

/* Begin PBXFrameworksBuildPhase section */
		55CB92AC207F1BA400A33528 /* Frameworks */ = {
			isa = PBXFrameworksBuildPhase;
			buildActionMask = 2147483647;
			files = (
			);
			runOnlyForDeploymentPostprocessing = 0;
		};
/* End PBXFrameworksBuildPhase section */

/* Begin PBXGroup section */
		55CB92A6207F1BA400A33528 = {
			isa = PBXGroup;
			children = (
				55CB92B1207F1BA400A33528 /* Video */,
				55CB92B0207F1BA400A33528 /* Products */,
			);
			sourceTree = "<group>";
		};
		55CB92B0207F1BA400A33528 /* Products */ = {
			isa = PBXGroup;
			children = (
				55CB92AF207F1BA400A33528 /* Video.app */,
			);
			name = Products;
			sourceTree = "<group>";
		};
		55CB92B1207F1BA400A33528 /* Video */ = {
			isa = PBXGroup;
			children = (
				55D04920207FD8B800583DAC /* Constant */,
				55D04911207FD70B00583DAC /* Networking */,
				55D04910207FD70300583DAC /* Utilities */,
				55D0490F207FD6FB00583DAC /* View */,
				55D0490E207FD6DB00583DAC /* Support */,
			);
			path = Video;
			sourceTree = "<group>";
		};
		55D0490E207FD6DB00583DAC /* Support */ = {
			isa = PBXGroup;
			children = (
				55CB92B2207F1BA400A33528 /* AppDelegate.swift */,
				55CB92BE207F1BA400A33528 /* Info.plist */,
				55CB92B9207F1BA400A33528 /* Assets.xcassets */,
				55CB92BB207F1BA400A33528 /* LaunchScreen.storyboard */,
			);
			path = Support;
			sourceTree = "<group>";
		};
		55D0490F207FD6FB00583DAC /* View */ = {
			isa = PBXGroup;
			children = (
				55CB92B6207F1BA400A33528 /* Main.storyboard */,
				55CB92B4207F1BA400A33528 /* ViewController.swift */,
			);
			path = View;
			sourceTree = "<group>";
		};
		55D04910207FD70300583DAC /* Utilities */ = {
			isa = PBXGroup;
			children = (
				55D0491B207FD82E00583DAC /* AlertModel.swift */,
				55D0491A207FD82E00583DAC /* CustomView.swift */,
				55D04918207FD7A400583DAC /* IBDesign.swift */,
				55D0491E207FD87B00583DAC /* Extension.swift */,
			);
			path = Utilities;
			sourceTree = "<group>";
		};
		55D04911207FD70B00583DAC /* Networking */ = {
			isa = PBXGroup;
			children = (
				55D04914207FD72700583DAC /* Reachability.swift */,
				55D04913207FD72600583DAC /* RestFull_API.swift */,
				55D04912207FD72600583DAC /* URL_Session.swift */,
			);
			path = Networking;
			sourceTree = "<group>";
		};
		55D04920207FD8B800583DAC /* Constant */ = {
			isa = PBXGroup;
			children = (
				55D04921207FD8C300583DAC /* Constant.swift */,
			);
			path = Constant;
			sourceTree = "<group>";
		};
/* End PBXGroup section */

/* Begin PBXNativeTarget section */
		55CB92AE207F1BA400A33528 /* Video */ = {
			isa = PBXNativeTarget;
			buildConfigurationList = 55CB92C1207F1BA400A33528 /* Build configuration list for PBXNativeTarget "Video" */;
			buildPhases = (
				55CB92AB207F1BA400A33528 /* Sources */,
				55CB92AC207F1BA400A33528 /* Frameworks */,
				55CB92AD207F1BA400A33528 /* Resources */,
			);
			buildRules = (
			);
			dependencies = (
			);
			name = Video;
			productName = Video;
			productReference = 55CB92AF207F1BA400A33528 /* Video.app */;
			productType = "com.apple.product-type.application";
		};
/* End PBXNativeTarget section */

/* Begin PBXProject section */
		55CB92A7207F1BA400A33528 /* Project object */ = {
			isa = PBXProject;
			attributes = {
				LastSwiftUpdateCheck = 0900;
				LastUpgradeCheck = 0900;
				ORGANIZATIONNAME = PNKBKSH;
				TargetAttributes = {
					55CB92AE207F1BA400A33528 = {
						CreatedOnToolsVersion = 9.0;
						ProvisioningStyle = Automatic;
					};
				};
			};
			buildConfigurationList = 55CB92AA207F1BA400A33528 /* Build configuration list for PBXProject "Video" */;
			compatibilityVersion = "Xcode 8.0";
			developmentRegion = en;
			hasScannedForEncodings = 0;
			knownRegions = (
				en,
				Base,
			);
			mainGroup = 55CB92A6207F1BA400A33528;
			productRefGroup = 55CB92B0207F1BA400A33528 /* Products */;
			projectDirPath = "";
			projectRoot = "";
			targets = (
				55CB92AE207F1BA400A33528 /* Video */,
			);
		};
/* End PBXProject section */

/* Begin PBXResourcesBuildPhase section */
		55CB92AD207F1BA400A33528 /* Resources */ = {
			isa = PBXResourcesBuildPhase;
			buildActionMask = 2147483647;
			files = (
				55CB92BD207F1BA400A33528 /* LaunchScreen.storyboard in Resources */,
				55CB92BA207F1BA400A33528 /* Assets.xcassets in Resources */,
				55CB92B8207F1BA400A33528 /* Main.storyboard in Resources */,
			);
			runOnlyForDeploymentPostprocessing = 0;
		};
/* End PBXResourcesBuildPhase section */

/* Begin PBXSourcesBuildPhase section */
		55CB92AB207F1BA400A33528 /* Sources */ = {
			isa = PBXSourcesBuildPhase;
			buildActionMask = 2147483647;
			files = (
				55D0491F207FD87B00583DAC /* Extension.swift in Sources */,
				55D04917207FD72C00583DAC /* URL_Session.swift in Sources */,
				55CB92B5207F1BA400A33528 /* ViewController.swift in Sources */,
				55D04919207FD7A400583DAC /* IBDesign.swift in Sources */,
				55D0491C207FD82E00583DAC /* CustomView.swift in Sources */,
				55D0491D207FD82E00583DAC /* AlertModel.swift in Sources */,
				55CB92B3207F1BA400A33528 /* AppDelegate.swift in Sources */,
				55D04922207FD8C300583DAC /* Constant.swift in Sources */,
				55D04915207FD72C00583DAC /* Reachability.swift in Sources */,
				55D04916207FD72C00583DAC /* RestFull_API.swift in Sources */,
			);
			runOnlyForDeploymentPostprocessing = 0;
		};
/* End PBXSourcesBuildPhase section */

/* Begin PBXVariantGroup section */
		55CB92B6207F1BA400A33528 /* Main.storyboard */ = {
			isa = PBXVariantGroup;
			children = (
				55CB92B7207F1BA400A33528 /* Base */,
			);
			name = Main.storyboard;
			sourceTree = "<group>";
		};
		55CB92BB207F1BA400A33528 /* LaunchScreen.storyboard */ = {
			isa = PBXVariantGroup;
			children = (
				55CB92BC207F1BA400A33528 /* Base */,
			);
			name = LaunchScreen.storyboard;
			sourceTree = "<group>";
		};
/* End PBXVariantGroup section */

/* Begin XCBuildConfiguration section */
		55CB92BF207F1BA400A33528 /* Debug */ = {
			isa = XCBuildConfiguration;
			buildSettings = {
				ALWAYS_SEARCH_USER_PATHS = NO;
				CLANG_ANALYZER_NONNULL = YES;
				CLANG_ANALYZER_NUMBER_OBJECT_CONVERSION = YES_AGGRESSIVE;
				CLANG_CXX_LANGUAGE_STANDARD = "gnu++14";
				CLANG_CXX_LIBRARY = "libc++";
				CLANG_ENABLE_MODULES = YES;
				CLANG_ENABLE_OBJC_ARC = YES;
				CLANG_WARN_BLOCK_CAPTURE_AUTORELEASING = YES;
				CLANG_WARN_BOOL_CONVERSION = YES;
				CLANG_WARN_COMMA = YES;
				CLANG_WARN_CONSTANT_CONVERSION = YES;
				CLANG_WARN_DIRECT_OBJC_ISA_USAGE = YES_ERROR;
				CLANG_WARN_DOCUMENTATION_COMMENTS = YES;
				CLANG_WARN_EMPTY_BODY = YES;
				CLANG_WARN_ENUM_CONVERSION = YES;
				CLANG_WARN_INFINITE_RECURSION = YES;
				CLANG_WARN_INT_CONVERSION = YES;
				CLANG_WARN_NON_LITERAL_NULL_CONVERSION = YES;
				CLANG_WARN_OBJC_LITERAL_CONVERSION = YES;
				CLANG_WARN_OBJC_ROOT_CLASS = YES_ERROR;
				CLANG_WARN_RANGE_LOOP_ANALYSIS = YES;
				CLANG_WARN_STRICT_PROTOTYPES = YES;
				CLANG_WARN_SUSPICIOUS_MOVE = YES;
				CLANG_WARN_UNGUARDED_AVAILABILITY = YES_AGGRESSIVE;
				CLANG_WARN_UNREACHABLE_CODE = YES;
				CLANG_WARN__DUPLICATE_METHOD_MATCH = YES;
				CODE_SIGN_IDENTITY = "iPhone Developer";
				COPY_PHASE_STRIP = NO;
				DEBUG_INFORMATION_FORMAT = dwarf;
				ENABLE_STRICT_OBJC_MSGSEND = YES;
				ENABLE_TESTABILITY = YES;
				GCC_C_LANGUAGE_STANDARD = gnu11;
				GCC_DYNAMIC_NO_PIC = NO;
				GCC_NO_COMMON_BLOCKS = YES;
				GCC_OPTIMIZATION_LEVEL = 0;
				GCC_PREPROCESSOR_DEFINITIONS = (
					"DEBUG=1",
					"$(inherited)",
				);
				GCC_WARN_64_TO_32_BIT_CONVERSION = YES;
				GCC_WARN_ABOUT_RETURN_TYPE = YES_ERROR;
				GCC_WARN_UNDECLARED_SELECTOR = YES;
				GCC_WARN_UNINITIALIZED_AUTOS = YES_AGGRESSIVE;
				GCC_WARN_UNUSED_FUNCTION = YES;
				GCC_WARN_UNUSED_VARIABLE = YES;
				IPHONEOS_DEPLOYMENT_TARGET = 11.0;
				MTL_ENABLE_DEBUG_INFO = YES;
				ONLY_ACTIVE_ARCH = YES;
				SDKROOT = iphoneos;
				SWIFT_ACTIVE_COMPILATION_CONDITIONS = DEBUG;
				SWIFT_OPTIMIZATION_LEVEL = "-Onone";
			};
			name = Debug;
		};
		55CB92C0207F1BA400A33528 /* Release */ = {
			isa = XCBuildConfiguration;
			buildSettings = {
				ALWAYS_SEARCH_USER_PATHS = NO;
				CLANG_ANALYZER_NONNULL = YES;
				CLANG_ANALYZER_NUMBER_OBJECT_CONVERSION = YES_AGGRESSIVE;
				CLANG_CXX_LANGUAGE_STANDARD = "gnu++14";
				CLANG_CXX_LIBRARY = "libc++";
				CLANG_ENABLE_MODULES = YES;
				CLANG_ENABLE_OBJC_ARC = YES;
				CLANG_WARN_BLOCK_CAPTURE_AUTORELEASING = YES;
				CLANG_WARN_BOOL_CONVERSION = YES;
				CLANG_WARN_COMMA = YES;
				CLANG_WARN_CONSTANT_CONVERSION = YES;
				CLANG_WARN_DIRECT_OBJC_ISA_USAGE = YES_ERROR;
				CLANG_WARN_DOCUMENTATION_COMMENTS = YES;
				CLANG_WARN_EMPTY_BODY = YES;
				CLANG_WARN_ENUM_CONVERSION = YES;
				CLANG_WARN_INFINITE_RECURSION = YES;
				CLANG_WARN_INT_CONVERSION = YES;
				CLANG_WARN_NON_LITERAL_NULL_CONVERSION = YES;
				CLANG_WARN_OBJC_LITERAL_CONVERSION = YES;
				CLANG_WARN_OBJC_ROOT_CLASS = YES_ERROR;
				CLANG_WARN_RANGE_LOOP_ANALYSIS = YES;
				CLANG_WARN_STRICT_PROTOTYPES = YES;
				CLANG_WARN_SUSPICIOUS_MOVE = YES;
				CLANG_WARN_UNGUARDED_AVAILABILITY = YES_AGGRESSIVE;
				CLANG_WARN_UNREACHABLE_CODE = YES;
				CLANG_WARN__DUPLICATE_METHOD_MATCH = YES;
				CODE_SIGN_IDENTITY = "iPhone Developer";
				COPY_PHASE_STRIP = NO;
				DEBUG_INFORMATION_FORMAT = "dwarf-with-dsym";
				ENABLE_NS_ASSERTIONS = NO;
				ENABLE_STRICT_OBJC_MSGSEND = YES;
				GCC_C_LANGUAGE_STANDARD = gnu11;
				GCC_NO_COMMON_BLOCKS = YES;
				GCC_WARN_64_TO_32_BIT_CONVERSION = YES;
				GCC_WARN_ABOUT_RETURN_TYPE = YES_ERROR;
				GCC_WARN_UNDECLARED_SELECTOR = YES;
				GCC_WARN_UNINITIALIZED_AUTOS = YES_AGGRESSIVE;
				GCC_WARN_UNUSED_FUNCTION = YES;
				GCC_WARN_UNUSED_VARIABLE = YES;
				IPHONEOS_DEPLOYMENT_TARGET = 11.0;
				MTL_ENABLE_DEBUG_INFO = NO;
				SDKROOT = iphoneos;
				SWIFT_OPTIMIZATION_LEVEL = "-Owholemodule";
				VALIDATE_PRODUCT = YES;
			};
			name = Release;
		};
		55CB92C2207F1BA400A33528 /* Debug */ = {
			isa = XCBuildConfiguration;
			buildSettings = {
				ASSETCATALOG_COMPILER_APPICON_NAME = AppIcon;
				CODE_SIGN_STYLE = Automatic;
				DEVELOPMENT_TEAM = 8PWH9H9L85;
				INFOPLIST_FILE = "$(SRCROOT)/Video/Support/Info.plist";
				LD_RUNPATH_SEARCH_PATHS = "$(inherited) @executable_path/Frameworks";
				PRODUCT_BUNDLE_IDENTIFIER = PNKBKSH.PresidenT.Video;
				PRODUCT_NAME = "$(TARGET_NAME)";
				SWIFT_VERSION = 4.0;
				TARGETED_DEVICE_FAMILY = "1,2";
			};
			name = Debug;
		};
		55CB92C3207F1BA400A33528 /* Release */ = {
			isa = XCBuildConfiguration;
			buildSettings = {
				ASSETCATALOG_COMPILER_APPICON_NAME = AppIcon;
				CODE_SIGN_STYLE = Automatic;
				DEVELOPMENT_TEAM = 8PWH9H9L85;
				INFOPLIST_FILE = "$(SRCROOT)/Video/Support/Info.plist";
				LD_RUNPATH_SEARCH_PATHS = "$(inherited) @executable_path/Frameworks";
				PRODUCT_BUNDLE_IDENTIFIER = PNKBKSH.PresidenT.Video;
				PRODUCT_NAME = "$(TARGET_NAME)";
				SWIFT_VERSION = 4.0;
				TARGETED_DEVICE_FAMILY = "1,2";
			};
			name = Release;
		};
/* End XCBuildConfiguration section */

/* Begin XCConfigurationList section */
		55CB92AA207F1BA400A33528 /* Build configuration list for PBXProject "Video" */ = {
			isa = XCConfigurationList;
			buildConfigurations = (
				55CB92BF207F1BA400A33528 /* Debug */,
				55CB92C0207F1BA400A33528 /* Release */,
			);
			defaultConfigurationIsVisible = 0;
			defaultConfigurationName = Release;
		};
		55CB92C1207F1BA400A33528 /* Build configuration list for PBXNativeTarget "Video" */ = {
			isa = XCConfigurationList;
			buildConfigurations = (
				55CB92C2207F1BA400A33528 /* Debug */,
				55CB92C3207F1BA400A33528 /* Release */,
			);
			defaultConfigurationIsVisible = 0;
			defaultConfigurationName = Release;
		};
/* End XCConfigurationList section */
	};
	rootObject = 55CB92A7207F1BA400A33528 /* Project object */;
}
